{
  "name": "fortemi-pglite-shard-conformance",
  "lockfileVersion": 3,
  "requires": true,
  "packages": {
    "": {
      "name": "fortemi-pglite-shard-conformance",
      "dependencies": {
        "@electric-sql/pglite": "0.4.1",
        "@fortemi/core": "2026.7.11"
      }
    },
    "node_modules/@bytecask/core": {
      "version": "2026.7.5",
      "resolved": "https://registry.npmjs.org/@bytecask/core/-/core-2026.7.5.tgz",
      "integrity": "sha512-CsLJqmw8lNuBxRLGdRzoDdZ4/2iQlluueaiiYOR+l39NOdoG5cfDel/g71QDopRpVEHJOw7hQ3QngmWmi5IjBw==",
      "license": "AGPL-3.0-only",
      "dependencies": {
        "@noble/hashes": "^1.7.2"
      },
      "peerDependencies": {
        "@bytecask/worker": "2026.7.5"
      },
      "peerDependenciesMeta": {
        "@bytecask/worker": {
          "optional": true
        }
      }
    },
    "node_modules/@electric-sql/pglite": {
      "version": "0.4.1",
      "resolved": "https://registry.npmjs.org/@electric-sql/pglite/-/pglite-0.4.1.tgz",
      "integrity": "sha512-mZ9NzzUSYPOCnxHH1oAHPRzoMFJHY472raDKwXl/+6oPbpdJ7g8LsCN4FSaIIfkiCKHhb3iF/Zqo3NYxaIhU7Q==",
      "license": "Apache-2.0"
    },
    "node_modules/@fortemi/core": {
      "version": "2026.7.11",
      "resolved": "https://registry.npmjs.org/@fortemi/core/-/core-2026.7.11.tgz",
      "integrity": "sha512-0X+3KLhCwD19xASvxUbfeIbnq7lc/GqvQH66l8S1r+lBjz59WjkWiN/IjrZLeCSMe1B0ipOA3XoJQlzpYFLnLw==",
      "license": "AGPL-3.0-only",
      "dependencies": {
        "@bytecask/core": "^2026.7.5",
        "@noble/hashes": "^1.7.2",
        "ajv": "^8.17.1",
        "fflate": "^0.8.2",
        "uuid": "^13.0.0",
        "zod": "^3.24.0"
      },
      "bin": {
        "fortemi-compatibility": "tools/verify-fortemi-compatibility.mjs"
      },
      "optionalDependencies": {
        "@electric-sql/pglite": "^0.4.1"
      }
    },
    "node_modules/@noble/hashes": {
      "version": "1.8.0",
      "resolved": "https://registry.npmjs.org/@noble/hashes/-/hashes-1.8.0.tgz",
      "integrity": "sha512-jCs9ldd7NwzpgXDIf6P3+NrHh9/sD6CQdxHyjQI+h/6rDNo88ypBxxz45UDuZHz9r3tNz7N/VInSVoVdtXEI4A==",
      "license": "MIT",
      "engines": {
        "node": "^14.21.3 || >=16"
      },
      "funding": {
        "url": "https://paulmillr.com/funding/"
      }
    },
    "node_modules/ajv": {
      "version": "8.20.0",
      "resolved": "https://registry.npmjs.org/ajv/-/ajv-8.20.0.tgz",
      "integrity": "sha512-Thbli+OlOj+iMPYFBVBfJ3OmCAnaSyNn4M1vz9T6Gka5Jt9ba/HIR56joy65tY6kx/FCF5VXNB819Y7/GUrBGA==",
      "license": "MIT",
      "dependencies": {
        "fast-deep-equal": "^3.1.3",
        "fast-uri": "^3.0.1",
        "json-schema-traverse": "^1.0.0",
        "require-from-string": "^2.0.2"
      },
      "funding": {
        "type": "github",
        "url": "https://github.com/sponsors/epoberezkin"
      }
    },
    "node_modules/fast-deep-equal": {
      "version": "3.1.3",
      "resolved": "https://registry.npmjs.org/fast-deep-equal/-/fast-deep-equal-3.1.3.tgz",
      "integrity": "sha512-f3qQ9oQy9j2AhBe/H9VC91wLmKBCCU/gDOnKNAYG5hswO7BLKj09Hc5HYNz9cGI++xlpDCIgDaitVs03ATR84Q==",
      "license": "MIT"
    },
    "node_modules/fast-uri": {
      "version": "3.1.4",
      "resolved": "https://registry.npmjs.org/fast-uri/-/fast-uri-3.1.4.tgz",
      "integrity": "sha512-8JnbkQ4juDyvYs4mgFGQqg4yCYtFDtUtmp2QIQq11ZZe5CFQ5wcqm1rqDgAh/QdMySuBnPzMUiJUNZG5N/AiQw==",
      "funding": [
        {
          "type": "github",
          "url": "https://github.com/sponsors/fastify"
        },
        {
          "type": "opencollective",
          "url": "https://opencollective.com/fastify"
        }
      ],
      "license": "BSD-3-Clause"
    },
    "node_modules/fflate": {
      "version": "0.8.3",
      "resolved": "https://registry.npmjs.org/fflate/-/fflate-0.8.3.tgz",
      "integrity": "sha512-tbZNuJrLwGUp3zshBtdy4W+ORxZuIh8a5ilyIEQDC5rY1f3U20JMry0Ll3WBzU58EZKsEuJFXhb5gwv8CsPvgA==",
      "license": "MIT"
    },
    "node_modules/json-schema-traverse": {
      "version": "1.0.0",
      "resolved": "https://registry.npmjs.org/json-schema-traverse/-/json-schema-traverse-1.0.0.tgz",
      "integrity": "sha512-NM8/P9n3XjXhIZn1lLhkFaACTOURQXjWhV4BA/RnOv8xvgqtqpAX9IO4mRQxSx1Rlo4tqzeqb0sOlruaOy3dug==",
      "license": "MIT"
    },
    "node_modules/require-from-string": {
      "version": "2.0.2",
      "resolved": "https://registry.npmjs.org/require-from-string/-/require-from-string-2.0.2.tgz",
      "integrity": "sha512-Xf0nWe6RseziFMu+Ap9biiUbmplq6S9/p+7w7YXP/JBHhrUDDUhwa+vANyubuqfZWTveU//DYVGsDG7RKL/vEw==",
      "license": "MIT",
      "engines": {
        "node": ">=0.10.0"
      }
    },
    "node_modules/uuid": {
      "version": "13.0.2",
      "resolved": "https://registry.npmjs.org/uuid/-/uuid-13.0.2.tgz",
      "integrity": "sha512-vzi9uRZ926x4XV73S/4qQaTwPXM2JBj6/6lI/byHH1jOpCzb0zDbfytgA9LcN/hzb2l7WQSQnxITOVx5un/wGw==",
      "funding": [
        "https://github.com/sponsors/broofa",
        "https://github.com/sponsors/ctavan"
      ],
      "license": "MIT",
      "bin": {
        "uuid": "dist-node/bin/uuid"
      }
    },
    "node_modules/zod": {
      "version": "3.25.76",
      "resolved": "https://registry.npmjs.org/zod/-/zod-3.25.76.tgz",
      "integrity": "sha512-gzUt/qt81nXsFGKIFcC3YnfEAx5NkunCfnDlvuBSSFS02bcXu4Lmea0AFIUwbLWxWPx3d9p8S5QoaujKcNQxcQ==",
      "license": "MIT",
      "funding": {
        "url": "https://github.com/sponsors/colinhacks"
      }
    }
  }
}
